
Microsoft Visual Studio Solution File, Format Version 12.00
# Visual Studio Version 18
VisualStudioVersion = 18.0.11109.219
MinimumVisualStudioVersion = 10.0.40219.1
Project("{FAE04EC0-301F-11D3-BF4B-00C04F79EFBC}") = "Pastebin", "Pastebin\Pastebin.csproj", "{A3EF08CB-9EF9-392D-EB08-47AED10647BD}"
EndProject
Project("{FAE04EC0-301F-11D3-BF4B-00C04F79EFBC}") = "Pastebin.Tests", "Pastebin.Tests\Pastebin.Tests.csproj", "{85645E77-D4DE-40CC-AA3E-69D15F98373B}"
EndProject
Global
	GlobalSection(SolutionConfigurationPlatforms) = preSolution
		Debug|Any CPU = Debug|Any CPU
		Release|Any CPU = Release|Any CPU
	EndGlobalSection
	GlobalSection(ProjectConfigurationPlatforms) = postSolution
		{A3EF08CB-9EF9-392D-EB08-47AED10647BD}.Debug|Any CPU.ActiveCfg = Debug|Any CPU
		{A3EF08CB-9EF9-392D-EB08-47AED10647BD}.Debug|Any CPU.Build.0 = Debug|Any CPU
		{A3EF08CB-9EF9-392D-EB08-47AED10647BD}.Release|Any CPU.ActiveCfg = Release|Any CPU
		{A3EF08CB-9EF9-392D-EB08-47AED10647BD}.Release|Any CPU.Build.0 = Release|Any CPU
		{85645E77-D4DE-40CC-AA3E-69D15F98373B}.Debug|Any CPU.ActiveCfg = Debug|Any CPU
		{85645E77-D4DE-40CC-AA3E-69D15F98373B}.Debug|Any CPU.Build.0 = Debug|Any CPU
		{85645E77-D4DE-40CC-AA3E-69D15F98373B}.Release|Any CPU.ActiveCfg = Release|Any CPU
		{85645E77-D4DE-40CC-AA3E-69D15F98373B}.Release|Any CPU.Build.0 = Release|Any CPU
	EndGlobalSection
	GlobalSection(SolutionProperties) = preSolution
		HideSolutionNode = FALSE
	EndGlobalSection
	GlobalSection(ExtensibilityGlobals) = postSolution
		SolutionGuid = {B0402542-7AAB-43B7-B80F-88D7D53BF766}
	EndGlobalSection
EndGlobal
